
Microsoft Visual Studio Solution File, Format Version 12.00
# Visual Studio Version 17
VisualStudioVersion = 17.14.36414.22 d17.14
MinimumVisualStudioVersion = 10.0.40219.1
Project("{FAE04EC0-301F-11D3-BF4B-00C04F79EFBC}") = "WebApplication2", "WebApplication2.csproj", "{C5AB1485-AEFE-4F12-96AE-6714347A257D}"
EndProject
Global
	GlobalSection(SolutionConfigurationPlatforms) = preSolution
		Debug|Any CPU = Debug|Any CPU
		Release|Any CPU = Release|Any CPU
	EndGlobalSection
	GlobalSection(ProjectConfigurationPlatforms) = postSolution
		{C5AB1485-AEFE-4F12-96AE-6714347A257D}.Debug|Any CPU.ActiveCfg = Debug|Any CPU
		{C5AB1485-AEFE-4F12-96AE-6714347A257D}.Debug|Any CPU.Build.0 = Debug|Any CPU
		{C5AB1485-AEFE-4F12-96AE-6714347A257D}.Release|Any CPU.ActiveCfg = Release|Any CPU
		{C5AB1485-AEFE-4F12-96AE-6714347A257D}.Release|Any CPU.Build.0 = Release|Any CPU
	EndGlobalSection
	GlobalSection(SolutionProperties) = preSolution
		HideSolutionNode = FALSE
	EndGlobalSection
	GlobalSection(ExtensibilityGlobals) = postSolution
		SolutionGuid = {0B2795D4-629B-4B7C-ABFE-E2C4998A4E3D}
	EndGlobalSection
EndGlobal
